dependencies:
- name: prometheus
  repository: https://prometheus-community.github.io/helm-charts
  version: 21.1.2
- name: grafana
  repository: https://grafana.github.io/helm-charts
  version: 6.56.1
- name: cadvisor
  repository: https://ckotzbauer.github.io/helm-charts
  version: 2.2.4
- name: mastodon
  repository: oci://registry-1.docker.io/bitnamicharts
  version: 1.2.0
digest: sha256:0b66389fba9041d7051aba0d2b671dc85fd49de9b6cf94b5747cc3f3afee3fcb
generated: "2023-05-01T00:59:15.818205071+09:00"
