dependencies:
- name: prometheus
  repository: https://prometheus-community.github.io/helm-charts
  version: 21.1.2
- name: grafana
  repository: https://grafana.github.io/helm-charts
  version: 6.56.1
- name: cadvisor
  repository: https://ckotzbauer.github.io/helm-charts
  version: 2.2.4
digest: sha256:f496b41451626544a6ff9c453167f319c25bd4b69caec8c5a7eeef7c69ea5ba3
generated: "2023-04-30T23:22:59.021233491+09:00"
